
Microsoft Visual Studio Solution File, Format Version 12.00
# Visual Studio Version 17
VisualStudioVersion = 17.11.35327.3
MinimumVisualStudioVersion = 10.0.40219.1
Project("{FAE04EC0-301F-11D3-BF4B-00C04F79EFBC}") = "tipo de datos", "tipo de datos\tipo de datos.csproj", "{063E262E-2076-40DF-B2C7-1E27DD17171F}"
EndProject
Global
	GlobalSection(SolutionConfigurationPlatforms) = preSolution
		Debug|Any CPU = Debug|Any CPU
		Release|Any CPU = Release|Any CPU
	EndGlobalSection
	GlobalSection(ProjectConfigurationPlatforms) = postSolution
		{063E262E-2076-40DF-B2C7-1E27DD17171F}.Debug|Any CPU.ActiveCfg = Debug|Any CPU
		{063E262E-2076-40DF-B2C7-1E27DD17171F}.Debug|Any CPU.Build.0 = Debug|Any CPU
		{063E262E-2076-40DF-B2C7-1E27DD17171F}.Release|Any CPU.ActiveCfg = Release|Any CPU
		{063E262E-2076-40DF-B2C7-1E27DD17171F}.Release|Any CPU.Build.0 = Release|Any CPU
	EndGlobalSection
	GlobalSection(SolutionProperties) = preSolution
		HideSolutionNode = FALSE
	EndGlobalSection
	GlobalSection(ExtensibilityGlobals) = postSolution
		SolutionGuid = {C1A7BF76-58F2-41F5-B35B-BAF0F9B54DFF}
	EndGlobalSection
EndGlobal
